github.com/cybergarage/go-safecast v1.2.5 h1:ZDiKmdsE15RTKETRXKAKbYTDIhAzNONwJEfCaxmhkvU=
github.com/cybergarage/go-safecast v1.2.5/go.mod h1:fw2lE/5DIOjmyPj5kx0aYZSAL2bSFoh/Zith5TWVTz8=
github.com/cybergarage/go-sasl v1.2.5 h1:p/n77BpKwRSSZr0+4ANytDcQxAfZmI/izIxJ2+kQas0=
github.com/cybergarage/go-sasl v1.2.5/go.mod h1:tgAGdhINFMElVjU/C2Ly6LkPDblUFpfQ8l8/0QoANVI=
